
Microsoft Visual Studio Solution File, Format Version 12.00
# Visual Studio Version 17
VisualStudioVersion = 17.13.36105.23
MinimumVisualStudioVersion = 10.0.40219.1
Project("{2150E333-8FDC-42A3-9474-1A3956D46DE8}") = "Services", "Services", "{02EA681E-C7D8-13C7-8484-4AC65E1B71E8}"
EndProject
Project("{2150E333-8FDC-42A3-9474-1A3956D46DE8}") = "Catalog", "Catalog", "{CF61275F-CE7C-4E03-832F-258FA7B74185}"
EndProject
Project("{FAE04EC0-301F-11D3-BF4B-00C04F79EFBC}") = "Catalog.API", "Services\Catalog\Catalog.API\Catalog.API.csproj", "{6DE44BC2-AF33-4830-8440-94E01CBF4C7E}"
EndProject
Project("{2150E333-8FDC-42A3-9474-1A3956D46DE8}") = "Solution Items", "Solution Items", "{8EC462FD-D22E-90A8-E5CE-7E832BA40C5D}"
	ProjectSection(SolutionItems) = preProject
		.editorconfig = .editorconfig
		.env = .env
		Directory.Build.props = Directory.Build.props
		Directory.Packages.props = Directory.Packages.props
	EndProjectSection
EndProject
Project("{2150E333-8FDC-42A3-9474-1A3956D46DE8}") = "BuildingBlocks", "BuildingBlocks", "{FA3E130E-FA03-4BB0-BD86-A07EB062220F}"
EndProject
Project("{FAE04EC0-301F-11D3-BF4B-00C04F79EFBC}") = "BuildingBlocks", "BuildingBlocks\BuildingBlocks\BuildingBlocks.csproj", "{A5025866-CDA7-4F26-ADB8-6B1A1D9252B6}"
EndProject
Project("{E53339B2-1760-4266-BCC7-CA923CBCF16C}") = "docker-compose", "docker-compose.dcproj", "{81DDED9D-158B-E303-5F62-77A2896D2A5A}"
EndProject
Project("{2150E333-8FDC-42A3-9474-1A3956D46DE8}") = "Basket", "Basket", "{AD8B1790-7DC3-4E51-AFF4-E3A72263DD5E}"
EndProject
Project("{FAE04EC0-301F-11D3-BF4B-00C04F79EFBC}") = "Basket.API", "Services\Basket\Basket.API\Basket.API.csproj", "{C70CF43E-0219-4621-BDB7-269F45B92225}"
EndProject
Project("{2150E333-8FDC-42A3-9474-1A3956D46DE8}") = "Discount", "Discount", "{4EDD496F-3B87-4B40-A65A-831A0735BD99}"
EndProject
Project("{FAE04EC0-301F-11D3-BF4B-00C04F79EFBC}") = "Discount.Grpc", "Services\Discount\Discount.Grpc\Discount.Grpc.csproj", "{EEFAAE38-4AD6-4BAC-87F7-8624FEBBB2CA}"
EndProject
Project("{2150E333-8FDC-42A3-9474-1A3956D46DE8}") = "Ordering", "Ordering", "{4EEA3EFF-D971-444C-869C-6604616EA491}"
EndProject
Project("{FAE04EC0-301F-11D3-BF4B-00C04F79EFBC}") = "Ordering.API", "Services\Ordering\Ordering.API\Ordering.API.csproj", "{5499B4A4-88E9-45A0-802B-967150A39DA7}"
EndProject
Project("{FAE04EC0-301F-11D3-BF4B-00C04F79EFBC}") = "Ordering.Domain", "Services\Ordering\Ordering.Domain\Ordering.Domain.csproj", "{B89F34EE-FDD7-4E57-8270-4AD7E38FB72E}"
EndProject
Project("{FAE04EC0-301F-11D3-BF4B-00C04F79EFBC}") = "Ordering.Application", "Services\Ordering\Ordering.Application\Ordering.Application.csproj", "{8CBD5B31-A701-4F39-8A2B-A04F5817228C}"
EndProject
Project("{FAE04EC0-301F-11D3-BF4B-00C04F79EFBC}") = "Ordering.Infrastructure", "Services\Ordering\Ordering.Infrastructure\Ordering.Infrastructure.csproj", "{30FE3FE3-329B-40F1-B2BD-C04DF2A7D8C9}"
EndProject
Project("{FAE04EC0-301F-11D3-BF4B-00C04F79EFBC}") = "BuildingBlocks.Messaging", "BuildingBlocks\BuildingBlocks.Messaging\BuildingBlocks.Messaging.csproj", "{9B4A57D7-0B38-4B3F-B869-CC9A7ADEEFBC}"
EndProject
Project("{2150E333-8FDC-42A3-9474-1A3956D46DE8}") = "ApiGateways", "ApiGateways", "{8D1D4276-0E40-4CC2-A88A-920F19D5EAE5}"
EndProject
Project("{FAE04EC0-301F-11D3-BF4B-00C04F79EFBC}") = "YarpApiGateway", "ApiGateways\YarpApiGateway\YarpApiGateway.csproj", "{9B45D9ED-CE99-449F-84C9-EEC48BDDBB5A}"
EndProject
Global
	GlobalSection(SolutionConfigurationPlatforms) = preSolution
		Debug|Any CPU = Debug|Any CPU
		Release|Any CPU = Release|Any CPU
	EndGlobalSection
	GlobalSection(ProjectConfigurationPlatforms) = postSolution
		{6DE44BC2-AF33-4830-8440-94E01CBF4C7E}.Debug|Any CPU.ActiveCfg = Debug|Any CPU
		{6DE44BC2-AF33-4830-8440-94E01CBF4C7E}.Debug|Any CPU.Build.0 = Debug|Any CPU
		{6DE44BC2-AF33-4830-8440-94E01CBF4C7E}.Release|Any CPU.ActiveCfg = Release|Any CPU
		{6DE44BC2-AF33-4830-8440-94E01CBF4C7E}.Release|Any CPU.Build.0 = Release|Any CPU
		{A5025866-CDA7-4F26-ADB8-6B1A1D9252B6}.Debug|Any CPU.ActiveCfg = Debug|Any CPU
		{A5025866-CDA7-4F26-ADB8-6B1A1D9252B6}.Debug|Any CPU.Build.0 = Debug|Any CPU
		{A5025866-CDA7-4F26-ADB8-6B1A1D9252B6}.Release|Any CPU.ActiveCfg = Release|Any CPU
		{A5025866-CDA7-4F26-ADB8-6B1A1D9252B6}.Release|Any CPU.Build.0 = Release|Any CPU
		{81DDED9D-158B-E303-5F62-77A2896D2A5A}.Debug|Any CPU.ActiveCfg = Debug|Any CPU
		{81DDED9D-158B-E303-5F62-77A2896D2A5A}.Debug|Any CPU.Build.0 = Debug|Any CPU
		{81DDED9D-158B-E303-5F62-77A2896D2A5A}.Release|Any CPU.ActiveCfg = Release|Any CPU
		{81DDED9D-158B-E303-5F62-77A2896D2A5A}.Release|Any CPU.Build.0 = Release|Any CPU
		{C70CF43E-0219-4621-BDB7-269F45B92225}.Debug|Any CPU.ActiveCfg = Debug|Any CPU
		{C70CF43E-0219-4621-BDB7-269F45B92225}.Debug|Any CPU.Build.0 = Debug|Any CPU
		{C70CF43E-0219-4621-BDB7-269F45B92225}.Release|Any CPU.ActiveCfg = Release|Any CPU
		{C70CF43E-0219-4621-BDB7-269F45B92225}.Release|Any CPU.Build.0 = Release|Any CPU
		{EEFAAE38-4AD6-4BAC-87F7-8624FEBBB2CA}.Debug|Any CPU.ActiveCfg = Debug|Any CPU
		{EEFAAE38-4AD6-4BAC-87F7-8624FEBBB2CA}.Debug|Any CPU.Build.0 = Debug|Any CPU
		{EEFAAE38-4AD6-4BAC-87F7-8624FEBBB2CA}.Release|Any CPU.ActiveCfg = Release|Any CPU
		{EEFAAE38-4AD6-4BAC-87F7-8624FEBBB2CA}.Release|Any CPU.Build.0 = Release|Any CPU
		{5499B4A4-88E9-45A0-802B-967150A39DA7}.Debug|Any CPU.ActiveCfg = Debug|Any CPU
		{5499B4A4-88E9-45A0-802B-967150A39DA7}.Debug|Any CPU.Build.0 = Debug|Any CPU
		{5499B4A4-88E9-45A0-802B-967150A39DA7}.Release|Any CPU.ActiveCfg = Release|Any CPU
		{5499B4A4-88E9-45A0-802B-967150A39DA7}.Release|Any CPU.Build.0 = Release|Any CPU
		{B89F34EE-FDD7-4E57-8270-4AD7E38FB72E}.Debug|Any CPU.ActiveCfg = Debug|Any CPU
		{B89F34EE-FDD7-4E57-8270-4AD7E38FB72E}.Debug|Any CPU.Build.0 = Debug|Any CPU
		{B89F34EE-FDD7-4E57-8270-4AD7E38FB72E}.Release|Any CPU.ActiveCfg = Release|Any CPU
		{B89F34EE-FDD7-4E57-8270-4AD7E38FB72E}.Release|Any CPU.Build.0 = Release|Any CPU
		{8CBD5B31-A701-4F39-8A2B-A04F5817228C}.Debug|Any CPU.ActiveCfg = Debug|Any CPU
		{8CBD5B31-A701-4F39-8A2B-A04F5817228C}.Debug|Any CPU.Build.0 = Debug|Any CPU
		{8CBD5B31-A701-4F39-8A2B-A04F5817228C}.Release|Any CPU.ActiveCfg = Release|Any CPU
		{8CBD5B31-A701-4F39-8A2B-A04F5817228C}.Release|Any CPU.Build.0 = Release|Any CPU
		{30FE3FE3-329B-40F1-B2BD-C04DF2A7D8C9}.Debug|Any CPU.ActiveCfg = Debug|Any CPU
		{30FE3FE3-329B-40F1-B2BD-C04DF2A7D8C9}.Debug|Any CPU.Build.0 = Debug|Any CPU
		{30FE3FE3-329B-40F1-B2BD-C04DF2A7D8C9}.Release|Any CPU.ActiveCfg = Release|Any CPU
		{30FE3FE3-329B-40F1-B2BD-C04DF2A7D8C9}.Release|Any CPU.Build.0 = Release|Any CPU
		{9B4A57D7-0B38-4B3F-B869-CC9A7ADEEFBC}.Debug|Any CPU.ActiveCfg = Debug|Any CPU
		{9B4A57D7-0B38-4B3F-B869-CC9A7ADEEFBC}.Debug|Any CPU.Build.0 = Debug|Any CPU
		{9B4A57D7-0B38-4B3F-B869-CC9A7ADEEFBC}.Release|Any CPU.ActiveCfg = Release|Any CPU
		{9B4A57D7-0B38-4B3F-B869-CC9A7ADEEFBC}.Release|Any CPU.Build.0 = Release|Any CPU
		{9B45D9ED-CE99-449F-84C9-EEC48BDDBB5A}.Debug|Any CPU.ActiveCfg = Debug|Any CPU
		{9B45D9ED-CE99-449F-84C9-EEC48BDDBB5A}.Debug|Any CPU.Build.0 = Debug|Any CPU
		{9B45D9ED-CE99-449F-84C9-EEC48BDDBB5A}.Release|Any CPU.ActiveCfg = Release|Any CPU
		{9B45D9ED-CE99-449F-84C9-EEC48BDDBB5A}.Release|Any CPU.Build.0 = Release|Any CPU
	EndGlobalSection
	GlobalSection(SolutionProperties) = preSolution
		HideSolutionNode = FALSE
	EndGlobalSection
	GlobalSection(NestedProjects) = preSolution
		{CF61275F-CE7C-4E03-832F-258FA7B74185} = {02EA681E-C7D8-13C7-8484-4AC65E1B71E8}
		{6DE44BC2-AF33-4830-8440-94E01CBF4C7E} = {CF61275F-CE7C-4E03-832F-258FA7B74185}
		{A5025866-CDA7-4F26-ADB8-6B1A1D9252B6} = {FA3E130E-FA03-4BB0-BD86-A07EB062220F}
		{AD8B1790-7DC3-4E51-AFF4-E3A72263DD5E} = {02EA681E-C7D8-13C7-8484-4AC65E1B71E8}
		{C70CF43E-0219-4621-BDB7-269F45B92225} = {AD8B1790-7DC3-4E51-AFF4-E3A72263DD5E}
		{4EDD496F-3B87-4B40-A65A-831A0735BD99} = {02EA681E-C7D8-13C7-8484-4AC65E1B71E8}
		{EEFAAE38-4AD6-4BAC-87F7-8624FEBBB2CA} = {4EDD496F-3B87-4B40-A65A-831A0735BD99}
		{4EEA3EFF-D971-444C-869C-6604616EA491} = {02EA681E-C7D8-13C7-8484-4AC65E1B71E8}
		{5499B4A4-88E9-45A0-802B-967150A39DA7} = {4EEA3EFF-D971-444C-869C-6604616EA491}
		{B89F34EE-FDD7-4E57-8270-4AD7E38FB72E} = {4EEA3EFF-D971-444C-869C-6604616EA491}
		{8CBD5B31-A701-4F39-8A2B-A04F5817228C} = {4EEA3EFF-D971-444C-869C-6604616EA491}
		{30FE3FE3-329B-40F1-B2BD-C04DF2A7D8C9} = {4EEA3EFF-D971-444C-869C-6604616EA491}
		{9B4A57D7-0B38-4B3F-B869-CC9A7ADEEFBC} = {FA3E130E-FA03-4BB0-BD86-A07EB062220F}
		{9B45D9ED-CE99-449F-84C9-EEC48BDDBB5A} = {8D1D4276-0E40-4CC2-A88A-920F19D5EAE5}
	EndGlobalSection
	GlobalSection(ExtensibilityGlobals) = postSolution
		SolutionGuid = {5FCC2CCF-8CC2-44B1-B797-D4C950C0FDB7}
	EndGlobalSection
EndGlobal
